// !$*UTF8*$!
{
	archiveVersion = 1;
	classes = {
	};
	objectVersion = 50;
	objects = {

/* Begin PBXBuildFile section */
		CE31EA0224EAA8CD006BF246 /* Configurator.swift in Sources */ = {isa = PBXBuildFile; fileRef = CE31EA0124EAA8CD006BF246 /* Configurator.swift */; };
		CE399F0424CADF9E004BB45B /* HomeModel.swift in Sources */ = {isa = PBXBuildFile; fileRef = CE399F0324CADF9E004BB45B /* HomeModel.swift */; };
		CE4E5FE824EAAAE8004A1422 /* UIApplicationExtension.swift in Sources */ = {isa = PBXBuildFile; fileRef = CE4E5FE724EAAAE8004A1422 /* UIApplicationExtension.swift */; };
		CE4E5FEA24EAAB79004A1422 /* UIViewControllerExtension.swift in Sources */ = {isa = PBXBuildFile; fileRef = CE4E5FE924EAAB79004A1422 /* UIViewControllerExtension.swift */; };
		CE670BBB24C78B4100F749EB /* UserDefaultsService.swift in Sources */ = {isa = PBXBuildFile; fileRef = CE670BBA24C78B4100F749EB /* UserDefaultsService.swift */; };
		CE670BBD24C792BE00F749EB /* AudioPlayingService.swift in Sources */ = {isa = PBXBuildFile; fileRef = CE670BBC24C792BE00F749EB /* AudioPlayingService.swift */; };
		CE690E4424C62282007DF3C2 /* TimerPreferenceView.xib in Resources */ = {isa = PBXBuildFile; fileRef = CE690E4324C62282007DF3C2 /* TimerPreferenceView.xib */; };
		CE690E4624C6228F007DF3C2 /* TimerPreferenceView.swift in Sources */ = {isa = PBXBuildFile; fileRef = CE690E4524C6228F007DF3C2 /* TimerPreferenceView.swift */; };
		CE9B76B524C609A1006EDE16 /* AppCoordinator.swift in Sources */ = {isa = PBXBuildFile; fileRef = CE9B76B224C609A1006EDE16 /* AppCoordinator.swift */; };
		CE9B76B624C609A1006EDE16 /* Router.swift in Sources */ = {isa = PBXBuildFile; fileRef = CE9B76B324C609A1006EDE16 /* Router.swift */; };
		CE9B76B724C609A1006EDE16 /* Coordinator.swift in Sources */ = {isa = PBXBuildFile; fileRef = CE9B76B424C609A1006EDE16 /* Coordinator.swift */; };
		CE9B76BF24C60AEA006EDE16 /* HomeViewController.swift in Sources */ = {isa = PBXBuildFile; fileRef = CE9B76BD24C60AEA006EDE16 /* HomeViewController.swift */; };
		CE9B76C024C60AEA006EDE16 /* HomeViewController.xib in Resources */ = {isa = PBXBuildFile; fileRef = CE9B76BE24C60AEA006EDE16 /* HomeViewController.xib */; };
		CE9B76C224C60AFA006EDE16 /* HomePresenter.swift in Sources */ = {isa = PBXBuildFile; fileRef = CE9B76C124C60AFA006EDE16 /* HomePresenter.swift */; };
		CEA01C4324C7597200351AF2 /* UIAlertControllerExtension.swift in Sources */ = {isa = PBXBuildFile; fileRef = CEA01C4224C7597200351AF2 /* UIAlertControllerExtension.swift */; };
		CEA01C4524C76D0800351AF2 /* RSAlertController.swift in Sources */ = {isa = PBXBuildFile; fileRef = CEA01C4424C76D0800351AF2 /* RSAlertController.swift */; };
		CEA01C4724C7750F00351AF2 /* TimerPreferenceModel.swift in Sources */ = {isa = PBXBuildFile; fileRef = CEA01C4624C7750F00351AF2 /* TimerPreferenceModel.swift */; };
		CEA346B024CC6C92005ECBAD /* AudioRecordingService.swift in Sources */ = {isa = PBXBuildFile; fileRef = CEA346AF24CC6C92005ECBAD /* AudioRecordingService.swift */; };
		CEC7313424C5F64200B39CF3 /* AppDelegate.swift in Sources */ = {isa = PBXBuildFile; fileRef = CEC7313324C5F64200B39CF3 /* AppDelegate.swift */; };
		CEC7313D24C5F64500B39CF3 /* Assets.xcassets in Resources */ = {isa = PBXBuildFile; fileRef = CEC7313C24C5F64500B39CF3 /* Assets.xcassets */; };
		CEC7314024C5F64500B39CF3 /* LaunchScreen.storyboard in Resources */ = {isa = PBXBuildFile; fileRef = CEC7313E24C5F64500B39CF3 /* LaunchScreen.storyboard */; };
		CEDBDA1F24C6120600693DAA /* UIViewExtension.swift in Sources */ = {isa = PBXBuildFile; fileRef = CEDBDA1E24C6120600693DAA /* UIViewExtension.swift */; };
		CEDBDA2124C6122600693DAA /* NSObjectExtension.swift in Sources */ = {isa = PBXBuildFile; fileRef = CEDBDA2024C6122600693DAA /* NSObjectExtension.swift */; };
		CEDBDA2324C6141700693DAA /* nature.m4a in Resources */ = {isa = PBXBuildFile; fileRef = CEDBDA2224C6141700693DAA /* nature.m4a */; };
		CEDBDA2524C616B800693DAA /* UIImageExtension.swift in Sources */ = {isa = PBXBuildFile; fileRef = CEDBDA2424C616B800693DAA /* UIImageExtension.swift */; };
		CEDBDA2824C6174900693DAA /* Constants.swift in Sources */ = {isa = PBXBuildFile; fileRef = CEDBDA2724C6174900693DAA /* Constants.swift */; };
		CEDBDA2C24C61C9100693DAA /* UIColorExtension.swift in Sources */ = {isa = PBXBuildFile; fileRef = CEDBDA2B24C61C9100693DAA /* UIColorExtension.swift */; };
		CEDBDA2F24C61D2E00693DAA /* RSNavigationController.swift in Sources */ = {isa = PBXBuildFile; fileRef = CEDBDA2E24C61D2E00693DAA /* RSNavigationController.swift */; };
		CEDBDA3324C621F100693DAA /* RSBaseView.swift in Sources */ = {isa = PBXBuildFile; fileRef = CEDBDA3224C621F100693DAA /* RSBaseView.swift */; };
/* End PBXBuildFile section */

/* Begin PBXFileReference section */
		CE31EA0124EAA8CD006BF246 /* Configurator.swift */ = {isa = PBXFileReference; lastKnownFileType = sourcecode.swift; path = Configurator.swift; sourceTree = "<group>"; };
		CE399F0324CADF9E004BB45B /* HomeModel.swift */ = {isa = PBXFileReference; lastKnownFileType = sourcecode.swift; path = HomeModel.swift; sourceTree = "<group>"; };
		CE4E5FE724EAAAE8004A1422 /* UIApplicationExtension.swift */ = {isa = PBXFileReference; lastKnownFileType = sourcecode.swift; path = UIApplicationExtension.swift; sourceTree = "<group>"; };
		CE4E5FE924EAAB79004A1422 /* UIViewControllerExtension.swift */ = {isa = PBXFileReference; lastKnownFileType = sourcecode.swift; path = UIViewControllerExtension.swift; sourceTree = "<group>"; };
		CE670BBA24C78B4100F749EB /* UserDefaultsService.swift */ = {isa = PBXFileReference; lastKnownFileType = sourcecode.swift; path = UserDefaultsService.swift; sourceTree = "<group>"; };
		CE670BBC24C792BE00F749EB /* AudioPlayingService.swift */ = {isa = PBXFileReference; lastKnownFileType = sourcecode.swift; path = AudioPlayingService.swift; sourceTree = "<group>"; };
		CE690E4324C62282007DF3C2 /* TimerPreferenceView.xib */ = {isa = PBXFileReference; lastKnownFileType = file.xib; path = TimerPreferenceView.xib; sourceTree = "<group>"; };
		CE690E4524C6228F007DF3C2 /* TimerPreferenceView.swift */ = {isa = PBXFileReference; lastKnownFileType = sourcecode.swift; path = TimerPreferenceView.swift; sourceTree = "<group>"; };
		CE9B76B224C609A1006EDE16 /* AppCoordinator.swift */ = {isa = PBXFileReference; fileEncoding = 4; lastKnownFileType = sourcecode.swift; path = AppCoordinator.swift; sourceTree = "<group>"; };
		CE9B76B324C609A1006EDE16 /* Router.swift */ = {isa = PBXFileReference; fileEncoding = 4; lastKnownFileType = sourcecode.swift; path = Router.swift; sourceTree = "<group>"; };
		CE9B76B424C609A1006EDE16 /* Coordinator.swift */ = {isa = PBXFileReference; fileEncoding = 4; lastKnownFileType = sourcecode.swift; path = Coordinator.swift; sourceTree = "<group>"; };
		CE9B76BD24C60AEA006EDE16 /* HomeViewController.swift */ = {isa = PBXFileReference; lastKnownFileType = sourcecode.swift; path = HomeViewController.swift; sourceTree = "<group>"; };
		CE9B76BE24C60AEA006EDE16 /* HomeViewController.xib */ = {isa = PBXFileReference; lastKnownFileType = file.xib; path = HomeViewController.xib; sourceTree = "<group>"; };
		CE9B76C124C60AFA006EDE16 /* HomePresenter.swift */ = {isa = PBXFileReference; lastKnownFileType = sourcecode.swift; path = HomePresenter.swift; sourceTree = "<group>"; };
		CEA01C4224C7597200351AF2 /* UIAlertControllerExtension.swift */ = {isa = PBXFileReference; lastKnownFileType = sourcecode.swift; path = UIAlertControllerExtension.swift; sourceTree = "<group>"; };
		CEA01C4424C76D0800351AF2 /* RSAlertController.swift */ = {isa = PBXFileReference; lastKnownFileType = sourcecode.swift; path = RSAlertController.swift; sourceTree = "<group>"; };
		CEA01C4624C7750F00351AF2 /* TimerPreferenceModel.swift */ = {isa = PBXFileReference; lastKnownFileType = sourcecode.swift; path = TimerPreferenceModel.swift; sourceTree = "<group>"; };
		CEA346AF24CC6C92005ECBAD /* AudioRecordingService.swift */ = {isa = PBXFileReference; lastKnownFileType = sourcecode.swift; path = AudioRecordingService.swift; sourceTree = "<group>"; };
		CEC7313024C5F64200B39CF3 /* Sleeper.app */ = {isa = PBXFileReference; explicitFileType = wrapper.application; includeInIndex = 0; path = Sleeper.app; sourceTree = BUILT_PRODUCTS_DIR; };
		CEC7313324C5F64200B39CF3 /* AppDelegate.swift */ = {isa = PBXFileReference; lastKnownFileType = sourcecode.swift; path = AppDelegate.swift; sourceTree = "<group>"; };
		CEC7313C24C5F64500B39CF3 /* Assets.xcassets */ = {isa = PBXFileReference; lastKnownFileType = folder.assetcatalog; path = Assets.xcassets; sourceTree = "<group>"; };
		CEC7313F24C5F64500B39CF3 /* Base */ = {isa = PBXFileReference; lastKnownFileType = file.storyboard; name = Base; path = Base.lproj/LaunchScreen.storyboard; sourceTree = "<group>"; };
		CEC7314124C5F64500B39CF3 /* Info.plist */ = {isa = PBXFileReference; lastKnownFileType = text.plist.xml; path = Info.plist; sourceTree = "<group>"; };
		CEDBDA1E24C6120600693DAA /* UIViewExtension.swift */ = {isa = PBXFileReference; lastKnownFileType = sourcecode.swift; path = UIViewExtension.swift; sourceTree = "<group>"; };
		CEDBDA2024C6122600693DAA /* NSObjectExtension.swift */ = {isa = PBXFileReference; lastKnownFileType = sourcecode.swift; path = NSObjectExtension.swift; sourceTree = "<group>"; };
		CEDBDA2224C6141700693DAA /* nature.m4a */ = {isa = PBXFileReference; lastKnownFileType = file; path = nature.m4a; sourceTree = "<group>"; };
		CEDBDA2424C616B800693DAA /* UIImageExtension.swift */ = {isa = PBXFileReference; lastKnownFileType = sourcecode.swift; path = UIImageExtension.swift; sourceTree = "<group>"; };
		CEDBDA2724C6174900693DAA /* Constants.swift */ = {isa = PBXFileReference; lastKnownFileType = sourcecode.swift; path = Constants.swift; sourceTree = "<group>"; };
		CEDBDA2B24C61C9100693DAA /* UIColorExtension.swift */ = {isa = PBXFileReference; lastKnownFileType = sourcecode.swift; path = UIColorExtension.swift; sourceTree = "<group>"; };
		CEDBDA2E24C61D2E00693DAA /* RSNavigationController.swift */ = {isa = PBXFileReference; lastKnownFileType = sourcecode.swift; path = RSNavigationController.swift; sourceTree = "<group>"; };
		CEDBDA3224C621F100693DAA /* RSBaseView.swift */ = {isa = PBXFileReference; lastKnownFileType = sourcecode.swift; path = RSBaseView.swift; sourceTree = "<group>"; };
/* End PBXFileReference section */

/* Begin PBXFrameworksBuildPhase section */
		CEC7312D24C5F64200B39CF3 /* Frameworks */ = {
			isa = PBXFrameworksBuildPhase;
			buildActionMask = 2147483647;
			files = (
			);
			runOnlyForDeploymentPostprocessing = 0;
		};
/* End PBXFrameworksBuildPhase section */

/* Begin PBXGroup section */
		CE690E4224C6225D007DF3C2 /* TimerPreferenceView */ = {
			isa = PBXGroup;
			children = (
				CEA01C4624C7750F00351AF2 /* TimerPreferenceModel.swift */,
				CE690E4524C6228F007DF3C2 /* TimerPreferenceView.swift */,
				CE690E4324C62282007DF3C2 /* TimerPreferenceView.xib */,
			);
			path = TimerPreferenceView;
			sourceTree = "<group>";
		};
		CE9B76B124C609A1006EDE16 /* Coordinator */ = {
			isa = PBXGroup;
			children = (
				CE9B76B224C609A1006EDE16 /* AppCoordinator.swift */,
				CE9B76B424C609A1006EDE16 /* Coordinator.swift */,
				CE9B76B324C609A1006EDE16 /* Router.swift */,
				CE31EA0124EAA8CD006BF246 /* Configurator.swift */,
			);
			path = Coordinator;
			sourceTree = "<group>";
		};
		CE9B76B824C60A83006EDE16 /* Application Logic */ = {
			isa = PBXGroup;
			children = (
				CEDBDA2624C6173D00693DAA /* Constants */,
				CE9B76B124C609A1006EDE16 /* Coordinator */,
				CE9B76BB24C60ABB006EDE16 /* Presenation */,
				CEDBDA2D24C61CFD00693DAA /* CustomElements */,
				CEDBDA1B24C611E800693DAA /* Extension */,
			);
			path = "Application Logic";
			sourceTree = "<group>";
		};
		CE9B76B924C60A8A006EDE16 /* Business Logic */ = {
			isa = PBXGroup;
			children = (
				CE670BBC24C792BE00F749EB /* AudioPlayingService.swift */,
				CEA346AF24CC6C92005ECBAD /* AudioRecordingService.swift */,
				CE670BBA24C78B4100F749EB /* UserDefaultsService.swift */,
			);
			path = "Business Logic";
			sourceTree = "<group>";
		};
		CE9B76BA24C60A9C006EDE16 /* Resources */ = {
			isa = PBXGroup;
			children = (
				CEDBDA2224C6141700693DAA /* nature.m4a */,
				CEC7313C24C5F64500B39CF3 /* Assets.xcassets */,
				CEC7313E24C5F64500B39CF3 /* LaunchScreen.storyboard */,
				CEC7314124C5F64500B39CF3 /* Info.plist */,
			);
			path = Resources;
			sourceTree = "<group>";
		};
		CE9B76BB24C60ABB006EDE16 /* Presenation */ = {
			isa = PBXGroup;
			children = (
				CE9B76BC24C60AC0006EDE16 /* HomeView */,
			);
			path = Presenation;
			sourceTree = "<group>";
		};
		CE9B76BC24C60AC0006EDE16 /* HomeView */ = {
			isa = PBXGroup;
			children = (
				CE399F0324CADF9E004BB45B /* HomeModel.swift */,
				CE9B76C124C60AFA006EDE16 /* HomePresenter.swift */,
				CE9B76BD24C60AEA006EDE16 /* HomeViewController.swift */,
				CE9B76BE24C60AEA006EDE16 /* HomeViewController.xib */,
			);
			path = HomeView;
			sourceTree = "<group>";
		};
		CEC7312724C5F64200B39CF3 = {
			isa = PBXGroup;
			children = (
				CEC7313224C5F64200B39CF3 /* Sleeper */,
				CEC7313124C5F64200B39CF3 /* Products */,
			);
			sourceTree = "<group>";
		};
		CEC7313124C5F64200B39CF3 /* Products */ = {
			isa = PBXGroup;
			children = (
				CEC7313024C5F64200B39CF3 /* Sleeper.app */,
			);
			name = Products;
			sourceTree = "<group>";
		};
		CEC7313224C5F64200B39CF3 /* Sleeper */ = {
			isa = PBXGroup;
			children = (
				CEC7313324C5F64200B39CF3 /* AppDelegate.swift */,
				CE9B76B824C60A83006EDE16 /* Application Logic */,
				CE9B76B924C60A8A006EDE16 /* Business Logic */,
				CE9B76BA24C60A9C006EDE16 /* Resources */,
			);
			path = Sleeper;
			sourceTree = "<group>";
		};
		CEDBDA1B24C611E800693DAA /* Extension */ = {
			isa = PBXGroup;
			children = (
				CEDBDA1C24C611EF00693DAA /* UI */,
				CEDBDA2024C6122600693DAA /* NSObjectExtension.swift */,
			);
			path = Extension;
			sourceTree = "<group>";
		};
		CEDBDA1C24C611EF00693DAA /* UI */ = {
			isa = PBXGroup;
			children = (
				CE4E5FE724EAAAE8004A1422 /* UIApplicationExtension.swift */,
				CEDBDA1E24C6120600693DAA /* UIViewExtension.swift */,
				CEDBDA2424C616B800693DAA /* UIImageExtension.swift */,
				CEDBDA2B24C61C9100693DAA /* UIColorExtension.swift */,
				CEA01C4224C7597200351AF2 /* UIAlertControllerExtension.swift */,
				CE4E5FE924EAAB79004A1422 /* UIViewControllerExtension.swift */,
			);
			path = UI;
			sourceTree = "<group>";
		};
		CEDBDA2624C6173D00693DAA /* Constants */ = {
			isa = PBXGroup;
			children = (
				CEDBDA2724C6174900693DAA /* Constants.swift */,
			);
			path = Constants;
			sourceTree = "<group>";
		};
		CEDBDA2D24C61CFD00693DAA /* CustomElements */ = {
			isa = PBXGroup;
			children = (
				CE690E4224C6225D007DF3C2 /* TimerPreferenceView */,
				CEDBDA2E24C61D2E00693DAA /* RSNavigationController.swift */,
				CEDBDA3224C621F100693DAA /* RSBaseView.swift */,
				CEA01C4424C76D0800351AF2 /* RSAlertController.swift */,
			);
			path = CustomElements;
			sourceTree = "<group>";
		};
/* End PBXGroup section */

/* Begin PBXNativeTarget section */
		CEC7312F24C5F64200B39CF3 /* Sleeper */ = {
			isa = PBXNativeTarget;
			buildConfigurationList = CEC7314424C5F64500B39CF3 /* Build configuration list for PBXNativeTarget "Sleeper" */;
			buildPhases = (
				CEC7312C24C5F64200B39CF3 /* Sources */,
				CEC7312D24C5F64200B39CF3 /* Frameworks */,
				CEC7312E24C5F64200B39CF3 /* Resources */,
			);
			buildRules = (
			);
			dependencies = (
			);
			name = Sleeper;
			productName = Sleeper;
			productReference = CEC7313024C5F64200B39CF3 /* Sleeper.app */;
			productType = "com.apple.product-type.application";
		};
/* End PBXNativeTarget section */

/* Begin PBXProject section */
		CEC7312824C5F64200B39CF3 /* Project object */ = {
			isa = PBXProject;
			attributes = {
				LastSwiftUpdateCheck = 1160;
				LastUpgradeCheck = 1160;
				ORGANIZATIONNAME = vpoltave;
				TargetAttributes = {
					CEC7312F24C5F64200B39CF3 = {
						CreatedOnToolsVersion = 11.6;
					};
				};
			};
			buildConfigurationList = CEC7312B24C5F64200B39CF3 /* Build configuration list for PBXProject "Sleeper" */;
			compatibilityVersion = "Xcode 9.3";
			developmentRegion = en;
			hasScannedForEncodings = 0;
			knownRegions = (
				en,
				Base,
			);
			mainGroup = CEC7312724C5F64200B39CF3;
			productRefGroup = CEC7313124C5F64200B39CF3 /* Products */;
			projectDirPath = "";
			projectRoot = "";
			targets = (
				CEC7312F24C5F64200B39CF3 /* Sleeper */,
			);
		};
/* End PBXProject section */

/* Begin PBXResourcesBuildPhase section */
		CEC7312E24C5F64200B39CF3 /* Resources */ = {
			isa = PBXResourcesBuildPhase;
			buildActionMask = 2147483647;
			files = (
				CEC7314024C5F64500B39CF3 /* LaunchScreen.storyboard in Resources */,
				CEDBDA2324C6141700693DAA /* nature.m4a in Resources */,
				CEC7313D24C5F64500B39CF3 /* Assets.xcassets in Resources */,
				CE690E4424C62282007DF3C2 /* TimerPreferenceView.xib in Resources */,
				CE9B76C024C60AEA006EDE16 /* HomeViewController.xib in Resources */,
			);
			runOnlyForDeploymentPostprocessing = 0;
		};
/* End PBXResourcesBuildPhase section */

/* Begin PBXSourcesBuildPhase section */
		CEC7312C24C5F64200B39CF3 /* Sources */ = {
			isa = PBXSourcesBuildPhase;
			buildActionMask = 2147483647;
			files = (
				CE9B76C224C60AFA006EDE16 /* HomePresenter.swift in Sources */,
				CE9B76B624C609A1006EDE16 /* Router.swift in Sources */,
				CE4E5FE824EAAAE8004A1422 /* UIApplicationExtension.swift in Sources */,
				CE9B76B724C609A1006EDE16 /* Coordinator.swift in Sources */,
				CE9B76B524C609A1006EDE16 /* AppCoordinator.swift in Sources */,
				CEDBDA2F24C61D2E00693DAA /* RSNavigationController.swift in Sources */,
				CE670BBD24C792BE00F749EB /* AudioPlayingService.swift in Sources */,
				CEDBDA1F24C6120600693DAA /* UIViewExtension.swift in Sources */,
				CEDBDA2824C6174900693DAA /* Constants.swift in Sources */,
				CE399F0424CADF9E004BB45B /* HomeModel.swift in Sources */,
				CEDBDA2524C616B800693DAA /* UIImageExtension.swift in Sources */,
				CEA01C4524C76D0800351AF2 /* RSAlertController.swift in Sources */,
				CEA346B024CC6C92005ECBAD /* AudioRecordingService.swift in Sources */,
				CE31EA0224EAA8CD006BF246 /* Configurator.swift in Sources */,
				CEDBDA3324C621F100693DAA /* RSBaseView.swift in Sources */,
				CE690E4624C6228F007DF3C2 /* TimerPreferenceView.swift in Sources */,
				CEA01C4324C7597200351AF2 /* UIAlertControllerExtension.swift in Sources */,
				CEC7313424C5F64200B39CF3 /* AppDelegate.swift in Sources */,
				CEDBDA2C24C61C9100693DAA /* UIColorExtension.swift in Sources */,
				CE9B76BF24C60AEA006EDE16 /* HomeViewController.swift in Sources */,
				CE4E5FEA24EAAB79004A1422 /* UIViewControllerExtension.swift in Sources */,
				CE670BBB24C78B4100F749EB /* UserDefaultsService.swift in Sources */,
				CEA01C4724C7750F00351AF2 /* TimerPreferenceModel.swift in Sources */,
				CEDBDA2124C6122600693DAA /* NSObjectExtension.swift in Sources */,
			);
			runOnlyForDeploymentPostprocessing = 0;
		};
/* End PBXSourcesBuildPhase section */

/* Begin PBXVariantGroup section */
		CEC7313E24C5F64500B39CF3 /* LaunchScreen.storyboard */ = {
			isa = PBXVariantGroup;
			children = (
				CEC7313F24C5F64500B39CF3 /* Base */,
			);
			name = LaunchScreen.storyboard;
			sourceTree = "<group>";
		};
/* End PBXVariantGroup section */

/* Begin XCBuildConfiguration section */
		CEC7314224C5F64500B39CF3 /* Debug */ = {
			isa = XCBuildConfiguration;
			buildSettings = {
				ALWAYS_SEARCH_USER_PATHS = NO;
				CLANG_ANALYZER_NONNULL = YES;
				CLANG_ANALYZER_NUMBER_OBJECT_CONVERSION = YES_AGGRESSIVE;
				CLANG_CXX_LANGUAGE_STANDARD = "gnu++14";
				CLANG_CXX_LIBRARY = "libc++";
				CLANG_ENABLE_MODULES = YES;
				CLANG_ENABLE_OBJC_ARC = YES;
				CLANG_ENABLE_OBJC_WEAK = YES;
				CLANG_WARN_BLOCK_CAPTURE_AUTORELEASING = YES;
				CLANG_WARN_BOOL_CONVERSION = YES;
				CLANG_WARN_COMMA = YES;
				CLANG_WARN_CONSTANT_CONVERSION = YES;
				CLANG_WARN_DEPRECATED_OBJC_IMPLEMENTATIONS = YES;
				CLANG_WARN_DIRECT_OBJC_ISA_USAGE = YES_ERROR;
				CLANG_WARN_DOCUMENTATION_COMMENTS = YES;
				CLANG_WARN_EMPTY_BODY = YES;
				CLANG_WARN_ENUM_CONVERSION = YES;
				CLANG_WARN_INFINITE_RECURSION = YES;
				CLANG_WARN_INT_CONVERSION = YES;
				CLANG_WARN_NON_LITERAL_NULL_CONVERSION = YES;
				CLANG_WARN_OBJC_IMPLICIT_RETAIN_SELF = YES;
				CLANG_WARN_OBJC_LITERAL_CONVERSION = YES;
				CLANG_WARN_OBJC_ROOT_CLASS = YES_ERROR;
				CLANG_WARN_RANGE_LOOP_ANALYSIS = YES;
				CLANG_WARN_STRICT_PROTOTYPES = YES;
				CLANG_WARN_SUSPICIOUS_MOVE = YES;
				CLANG_WARN_UNGUARDED_AVAILABILITY = YES_AGGRESSIVE;
				CLANG_WARN_UNREACHABLE_CODE = YES;
				CLANG_WARN__DUPLICATE_METHOD_MATCH = YES;
				COPY_PHASE_STRIP = NO;
				DEBUG_INFORMATION_FORMAT = dwarf;
				ENABLE_STRICT_OBJC_MSGSEND = YES;
				ENABLE_TESTABILITY = YES;
				GCC_C_LANGUAGE_STANDARD = gnu11;
				GCC_DYNAMIC_NO_PIC = NO;
				GCC_NO_COMMON_BLOCKS = YES;
				GCC_OPTIMIZATION_LEVEL = 0;
				GCC_PREPROCESSOR_DEFINITIONS = (
					"DEBUG=1",
					"$(inherited)",
				);
				GCC_WARN_64_TO_32_BIT_CONVERSION = YES;
				GCC_WARN_ABOUT_RETURN_TYPE = YES_ERROR;
				GCC_WARN_UNDECLARED_SELECTOR = YES;
				GCC_WARN_UNINITIALIZED_AUTOS = YES_AGGRESSIVE;
				GCC_WARN_UNUSED_FUNCTION = YES;
				GCC_WARN_UNUSED_VARIABLE = YES;
				IPHONEOS_DEPLOYMENT_TARGET = 13.0;
				MTL_ENABLE_DEBUG_INFO = INCLUDE_SOURCE;
				MTL_FAST_MATH = YES;
				ONLY_ACTIVE_ARCH = YES;
				SDKROOT = iphoneos;
				SWIFT_ACTIVE_COMPILATION_CONDITIONS = DEBUG;
				SWIFT_OPTIMIZATION_LEVEL = "-Onone";
			};
			name = Debug;
		};
		CEC7314324C5F64500B39CF3 /* Release */ = {
			isa = XCBuildConfiguration;
			buildSettings = {
				ALWAYS_SEARCH_USER_PATHS = NO;
				CLANG_ANALYZER_NONNULL = YES;
				CLANG_ANALYZER_NUMBER_OBJECT_CONVERSION = YES_AGGRESSIVE;
				CLANG_CXX_LANGUAGE_STANDARD = "gnu++14";
				CLANG_CXX_LIBRARY = "libc++";
				CLANG_ENABLE_MODULES = YES;
				CLANG_ENABLE_OBJC_ARC = YES;
				CLANG_ENABLE_OBJC_WEAK = YES;
				CLANG_WARN_BLOCK_CAPTURE_AUTORELEASING = YES;
				CLANG_WARN_BOOL_CONVERSION = YES;
				CLANG_WARN_COMMA = YES;
				CLANG_WARN_CONSTANT_CONVERSION = YES;
				CLANG_WARN_DEPRECATED_OBJC_IMPLEMENTATIONS = YES;
				CLANG_WARN_DIRECT_OBJC_ISA_USAGE = YES_ERROR;
				CLANG_WARN_DOCUMENTATION_COMMENTS = YES;
				CLANG_WARN_EMPTY_BODY = YES;
				CLANG_WARN_ENUM_CONVERSION = YES;
				CLANG_WARN_INFINITE_RECURSION = YES;
				CLANG_WARN_INT_CONVERSION = YES;
				CLANG_WARN_NON_LITERAL_NULL_CONVERSION = YES;
				CLANG_WARN_OBJC_IMPLICIT_RETAIN_SELF = YES;
				CLANG_WARN_OBJC_LITERAL_CONVERSION = YES;
				CLANG_WARN_OBJC_ROOT_CLASS = YES_ERROR;
				CLANG_WARN_RANGE_LOOP_ANALYSIS = YES;
				CLANG_WARN_STRICT_PROTOTYPES = YES;
				CLANG_WARN_SUSPICIOUS_MOVE = YES;
				CLANG_WARN_UNGUARDED_AVAILABILITY = YES_AGGRESSIVE;
				CLANG_WARN_UNREACHABLE_CODE = YES;
				CLANG_WARN__DUPLICATE_METHOD_MATCH = YES;
				COPY_PHASE_STRIP = NO;
				DEBUG_INFORMATION_FORMAT = "dwarf-with-dsym";
				ENABLE_NS_ASSERTIONS = NO;
				ENABLE_STRICT_OBJC_MSGSEND = YES;
				GCC_C_LANGUAGE_STANDARD = gnu11;
				GCC_NO_COMMON_BLOCKS = YES;
				GCC_WARN_64_TO_32_BIT_CONVERSION = YES;
				GCC_WARN_ABOUT_RETURN_TYPE = YES_ERROR;
				GCC_WARN_UNDECLARED_SELECTOR = YES;
				GCC_WARN_UNINITIALIZED_AUTOS = YES_AGGRESSIVE;
				GCC_WARN_UNUSED_FUNCTION = YES;
				GCC_WARN_UNUSED_VARIABLE = YES;
				IPHONEOS_DEPLOYMENT_TARGET = 13.0;
				MTL_ENABLE_DEBUG_INFO = NO;
				MTL_FAST_MATH = YES;
				SDKROOT = iphoneos;
				SWIFT_COMPILATION_MODE = wholemodule;
				SWIFT_OPTIMIZATION_LEVEL = "-O";
				VALIDATE_PRODUCT = YES;
			};
			name = Release;
		};
		CEC7314524C5F64500B39CF3 /* Debug */ = {
			isa = XCBuildConfiguration;
			buildSettings = {
				ASSETCATALOG_COMPILER_APPICON_NAME = AppIcon;
				CODE_SIGN_STYLE = Automatic;
				DEVELOPMENT_TEAM = ZNA2424JBU;
				INFOPLIST_FILE = "$(SRCROOT)/Sleeper/Resources/Info.plist";
				IPHONEOS_DEPLOYMENT_TARGET = 13.0;
				LD_RUNPATH_SEARCH_PATHS = (
					"$(inherited)",
					"@executable_path/Frameworks",
				);
				PRODUCT_BUNDLE_IDENTIFIER = com.vpoltave.Sleeper;
				PRODUCT_NAME = "$(TARGET_NAME)";
				SWIFT_VERSION = 5.0;
				TARGETED_DEVICE_FAMILY = 1;
			};
			name = Debug;
		};
		CEC7314624C5F64500B39CF3 /* Release */ = {
			isa = XCBuildConfiguration;
			buildSettings = {
				ASSETCATALOG_COMPILER_APPICON_NAME = AppIcon;
				CODE_SIGN_STYLE = Automatic;
				DEVELOPMENT_TEAM = ZNA2424JBU;
				INFOPLIST_FILE = "$(SRCROOT)/Sleeper/Resources/Info.plist";
				IPHONEOS_DEPLOYMENT_TARGET = 13.0;
				LD_RUNPATH_SEARCH_PATHS = (
					"$(inherited)",
					"@executable_path/Frameworks",
				);
				PRODUCT_BUNDLE_IDENTIFIER = com.vpoltave.Sleeper;
				PRODUCT_NAME = "$(TARGET_NAME)";
				SWIFT_VERSION = 5.0;
				TARGETED_DEVICE_FAMILY = 1;
			};
			name = Release;
		};
/* End XCBuildConfiguration section */

/* Begin XCConfigurationList section */
		CEC7312B24C5F64200B39CF3 /* Build configuration list for PBXProject "Sleeper" */ = {
			isa = XCConfigurationList;
			buildConfigurations = (
				CEC7314224C5F64500B39CF3 /* Debug */,
				CEC7314324C5F64500B39CF3 /* Release */,
			);
			defaultConfigurationIsVisible = 0;
			defaultConfigurationName = Release;
		};
		CEC7314424C5F64500B39CF3 /* Build configuration list for PBXNativeTarget "Sleeper" */ = {
			isa = XCConfigurationList;
			buildConfigurations = (
				CEC7314524C5F64500B39CF3 /* Debug */,
				CEC7314624C5F64500B39CF3 /* Release */,
			);
			defaultConfigurationIsVisible = 0;
			defaultConfigurationName = Release;
		};
/* End XCConfigurationList section */
	};
	rootObject = CEC7312824C5F64200B39CF3 /* Project object */;
}
